
Microsoft Visual Studio Solution File, Format Version 12.00
# Visual Studio Version 16
VisualStudioVersion = 16.0.30621.155
MinimumVisualStudioVersion = 10.0.40219.1
Project("{FAE04EC0-301F-11D3-BF4B-00C04F79EFBC}") = "Skillcore.Stats", "Skillcore.Stats.csproj", "{169B09AB-17E4-4FC9-A12C-013450DD1B83}"
EndProject
Global
	GlobalSection(SolutionConfigurationPlatforms) = preSolution
		Debug|Any CPU = Debug|Any CPU
		Release|Any CPU = Release|Any CPU
	EndGlobalSection
	GlobalSection(ProjectConfigurationPlatforms) = postSolution
		{169B09AB-17E4-4FC9-A12C-013450DD1B83}.Debug|Any CPU.ActiveCfg = Debug|Any CPU
		{169B09AB-17E4-4FC9-A12C-013450DD1B83}.Debug|Any CPU.Build.0 = Debug|Any CPU
		{169B09AB-17E4-4FC9-A12C-013450DD1B83}.Release|Any CPU.ActiveCfg = Release|Any CPU
		{169B09AB-17E4-4FC9-A12C-013450DD1B83}.Release|Any CPU.Build.0 = Release|Any CPU
	EndGlobalSection
	GlobalSection(SolutionProperties) = preSolution
		HideSolutionNode = FALSE
	EndGlobalSection
	GlobalSection(ExtensibilityGlobals) = postSolution
		SolutionGuid = {F7A5472C-E331-4C4F-9A31-251BC16089E0}
	EndGlobalSection
EndGlobal
